// !$*UTF8*$!
{
	archiveVersion = 1;
	classes = {
	};
	objectVersion = 56;
	objects = {

/* Begin PBXBuildFile section */
		EC4625B7295E167200AB6843 /* TitleTableViewCell.swift in Sources */ = {isa = PBXBuildFile; fileRef = EC4625B6295E167200AB6843 /* TitleTableViewCell.swift */; };
		EC4625B9295E1B5700AB6843 /* TitleViewModel.swift in Sources */ = {isa = PBXBuildFile; fileRef = EC4625B8295E1B5700AB6843 /* TitleViewModel.swift */; };
		EC61BE682964A45500774D45 /* YoutubeSearchResponse.swift in Sources */ = {isa = PBXBuildFile; fileRef = EC61BE672964A45500774D45 /* YoutubeSearchResponse.swift */; };
		EC61BE6A2964B6A700774D45 /* TitlePreviewViewController.swift in Sources */ = {isa = PBXBuildFile; fileRef = EC61BE692964B6A700774D45 /* TitlePreviewViewController.swift */; };
		EC61BE6D2964B99400774D45 /* TitlePreviewViewModel.swift in Sources */ = {isa = PBXBuildFile; fileRef = EC61BE6C2964B99400774D45 /* TitlePreviewViewModel.swift */; };
		EC96BA75296201C000191AB4 /* SearchResultsViewController.swift in Sources */ = {isa = PBXBuildFile; fileRef = EC96BA74296201C000191AB4 /* SearchResultsViewController.swift */; };
		ECBC4607295B2F2C00164B5A /* AppDelegate.swift in Sources */ = {isa = PBXBuildFile; fileRef = ECBC4606295B2F2C00164B5A /* AppDelegate.swift */; };
		ECBC460B295B2F2C00164B5A /* MainTabBarViewController.swift in Sources */ = {isa = PBXBuildFile; fileRef = ECBC460A295B2F2C00164B5A /* MainTabBarViewController.swift */; };
		ECBC4610295B2F2E00164B5A /* Assets.xcassets in Resources */ = {isa = PBXBuildFile; fileRef = ECBC460F295B2F2E00164B5A /* Assets.xcassets */; };
		ECBC4613295B2F2E00164B5A /* LaunchScreen.storyboard in Resources */ = {isa = PBXBuildFile; fileRef = ECBC4611295B2F2E00164B5A /* LaunchScreen.storyboard */; };
		ECBC461E295B35EA00164B5A /* HomeViewController.swift in Sources */ = {isa = PBXBuildFile; fileRef = ECBC461D295B35EA00164B5A /* HomeViewController.swift */; };
		ECBC4620295B362E00164B5A /* UpcomingViewController.swift in Sources */ = {isa = PBXBuildFile; fileRef = ECBC461F295B362E00164B5A /* UpcomingViewController.swift */; };
		ECBC4622295B364B00164B5A /* SearchViewController.swift in Sources */ = {isa = PBXBuildFile; fileRef = ECBC4621295B364B00164B5A /* SearchViewController.swift */; };
		ECBC4624295B366E00164B5A /* DownloadsViewController.swift in Sources */ = {isa = PBXBuildFile; fileRef = ECBC4623295B366E00164B5A /* DownloadsViewController.swift */; };
		ECBC4629295B515F00164B5A /* CollectionViewTableViewCell.swift in Sources */ = {isa = PBXBuildFile; fileRef = ECBC4628295B515F00164B5A /* CollectionViewTableViewCell.swift */; };
		ECBC462B295B595B00164B5A /* HeroHeaderUIView.swift in Sources */ = {isa = PBXBuildFile; fileRef = ECBC462A295B595B00164B5A /* HeroHeaderUIView.swift */; };
		ECCAB4B8295C357A00190CCE /* APICaller.swift in Sources */ = {isa = PBXBuildFile; fileRef = ECCAB4B7295C357A00190CCE /* APICaller.swift */; };
		ECCAB4BA295C496A00190CCE /* Title.swift in Sources */ = {isa = PBXBuildFile; fileRef = ECCAB4B9295C496A00190CCE /* Title.swift */; };
		ECCAB4BC295C530500190CCE /* Extensions.swift in Sources */ = {isa = PBXBuildFile; fileRef = ECCAB4BB295C530500190CCE /* Extensions.swift */; };
		ECCAB4C0295C5EDC00190CCE /* TitleCollectionViewCell.swift in Sources */ = {isa = PBXBuildFile; fileRef = ECCAB4BF295C5EDC00190CCE /* TitleCollectionViewCell.swift */; };
		ECCAB4C3295C77B200190CCE /* SDWebImage in Frameworks */ = {isa = PBXBuildFile; productRef = ECCAB4C2295C77B200190CCE /* SDWebImage */; };
		ECCAB4C5295C77B200190CCE /* SDWebImageMapKit in Frameworks */ = {isa = PBXBuildFile; productRef = ECCAB4C4295C77B200190CCE /* SDWebImageMapKit */; };
/* End PBXBuildFile section */

/* Begin PBXFileReference section */
		EC4625B6295E167200AB6843 /* TitleTableViewCell.swift */ = {isa = PBXFileReference; lastKnownFileType = sourcecode.swift; path = TitleTableViewCell.swift; sourceTree = "<group>"; };
		EC4625B8295E1B5700AB6843 /* TitleViewModel.swift */ = {isa = PBXFileReference; lastKnownFileType = sourcecode.swift; path = TitleViewModel.swift; sourceTree = "<group>"; };
		EC61BE672964A45500774D45 /* YoutubeSearchResponse.swift */ = {isa = PBXFileReference; lastKnownFileType = sourcecode.swift; path = YoutubeSearchResponse.swift; sourceTree = "<group>"; };
		EC61BE692964B6A700774D45 /* TitlePreviewViewController.swift */ = {isa = PBXFileReference; lastKnownFileType = sourcecode.swift; path = TitlePreviewViewController.swift; sourceTree = "<group>"; };
		EC61BE6C2964B99400774D45 /* TitlePreviewViewModel.swift */ = {isa = PBXFileReference; lastKnownFileType = sourcecode.swift; path = TitlePreviewViewModel.swift; sourceTree = "<group>"; };
		EC96BA74296201C000191AB4 /* SearchResultsViewController.swift */ = {isa = PBXFileReference; lastKnownFileType = sourcecode.swift; path = SearchResultsViewController.swift; sourceTree = "<group>"; };
		ECBC4603295B2F2C00164B5A /* Netflix-Clone-MVVM.app */ = {isa = PBXFileReference; explicitFileType = wrapper.application; includeInIndex = 0; path = "Netflix-Clone-MVVM.app"; sourceTree = BUILT_PRODUCTS_DIR; };
		ECBC4606295B2F2C00164B5A /* AppDelegate.swift */ = {isa = PBXFileReference; lastKnownFileType = sourcecode.swift; path = AppDelegate.swift; sourceTree = "<group>"; };
		ECBC460A295B2F2C00164B5A /* MainTabBarViewController.swift */ = {isa = PBXFileReference; lastKnownFileType = sourcecode.swift; path = MainTabBarViewController.swift; sourceTree = "<group>"; };
		ECBC460F295B2F2E00164B5A /* Assets.xcassets */ = {isa = PBXFileReference; lastKnownFileType = folder.assetcatalog; path = Assets.xcassets; sourceTree = "<group>"; };
		ECBC4612295B2F2E00164B5A /* Base */ = {isa = PBXFileReference; lastKnownFileType = file.storyboard; name = Base; path = Base.lproj/LaunchScreen.storyboard; sourceTree = "<group>"; };
		ECBC4614295B2F2E00164B5A /* Info.plist */ = {isa = PBXFileReference; lastKnownFileType = text.plist.xml; path = Info.plist; sourceTree = "<group>"; };
		ECBC461D295B35EA00164B5A /* HomeViewController.swift */ = {isa = PBXFileReference; lastKnownFileType = sourcecode.swift; path = HomeViewController.swift; sourceTree = "<group>"; };
		ECBC461F295B362E00164B5A /* UpcomingViewController.swift */ = {isa = PBXFileReference; lastKnownFileType = sourcecode.swift; path = UpcomingViewController.swift; sourceTree = "<group>"; };
		ECBC4621295B364B00164B5A /* SearchViewController.swift */ = {isa = PBXFileReference; lastKnownFileType = sourcecode.swift; path = SearchViewController.swift; sourceTree = "<group>"; };
		ECBC4623295B366E00164B5A /* DownloadsViewController.swift */ = {isa = PBXFileReference; lastKnownFileType = sourcecode.swift; path = DownloadsViewController.swift; sourceTree = "<group>"; };
		ECBC4628295B515F00164B5A /* CollectionViewTableViewCell.swift */ = {isa = PBXFileReference; lastKnownFileType = sourcecode.swift; path = CollectionViewTableViewCell.swift; sourceTree = "<group>"; };
		ECBC462A295B595B00164B5A /* HeroHeaderUIView.swift */ = {isa = PBXFileReference; lastKnownFileType = sourcecode.swift; path = HeroHeaderUIView.swift; sourceTree = "<group>"; };
		ECCAB4B7295C357A00190CCE /* APICaller.swift */ = {isa = PBXFileReference; lastKnownFileType = sourcecode.swift; path = APICaller.swift; sourceTree = "<group>"; };
		ECCAB4B9295C496A00190CCE /* Title.swift */ = {isa = PBXFileReference; lastKnownFileType = sourcecode.swift; path = Title.swift; sourceTree = "<group>"; };
		ECCAB4BB295C530500190CCE /* Extensions.swift */ = {isa = PBXFileReference; lastKnownFileType = sourcecode.swift; path = Extensions.swift; sourceTree = "<group>"; };
		ECCAB4BF295C5EDC00190CCE /* TitleCollectionViewCell.swift */ = {isa = PBXFileReference; lastKnownFileType = sourcecode.swift; path = TitleCollectionViewCell.swift; sourceTree = "<group>"; };
/* End PBXFileReference section */

/* Begin PBXFrameworksBuildPhase section */
		ECBC4600295B2F2C00164B5A /* Frameworks */ = {
			isa = PBXFrameworksBuildPhase;
			buildActionMask = 2147483647;
			files = (
				ECCAB4C5295C77B200190CCE /* SDWebImageMapKit in Frameworks */,
				ECCAB4C3295C77B200190CCE /* SDWebImage in Frameworks */,
			);
			runOnlyForDeploymentPostprocessing = 0;
		};
/* End PBXFrameworksBuildPhase section */

/* Begin PBXGroup section */
		EC96BA762962020300191AB4 /* Core */ = {
			isa = PBXGroup;
			children = (
				ECBC460A295B2F2C00164B5A /* MainTabBarViewController.swift */,
				ECBC461D295B35EA00164B5A /* HomeViewController.swift */,
				ECBC461F295B362E00164B5A /* UpcomingViewController.swift */,
				ECBC4621295B364B00164B5A /* SearchViewController.swift */,
				ECBC4623295B366E00164B5A /* DownloadsViewController.swift */,
				EC61BE692964B6A700774D45 /* TitlePreviewViewController.swift */,
			);
			path = Core;
			sourceTree = "<group>";
		};
		EC96BA772962022E00191AB4 /* General */ = {
			isa = PBXGroup;
			children = (
				EC96BA74296201C000191AB4 /* SearchResultsViewController.swift */,
			);
			path = General;
			sourceTree = "<group>";
		};
		ECBC45FA295B2F2C00164B5A = {
			isa = PBXGroup;
			children = (
				ECBC4605295B2F2C00164B5A /* Netflix-Clone-MVVM */,
				ECBC4604295B2F2C00164B5A /* Products */,
			);
			sourceTree = "<group>";
		};
		ECBC4604295B2F2C00164B5A /* Products */ = {
			isa = PBXGroup;
			children = (
				ECBC4603295B2F2C00164B5A /* Netflix-Clone-MVVM.app */,
			);
			name = Products;
			sourceTree = "<group>";
		};
		ECBC4605295B2F2C00164B5A /* Netflix-Clone-MVVM */ = {
			isa = PBXGroup;
			children = (
				ECBC461A295B32F500164B5A /* App */,
				ECCAB4B6295C356100190CCE /* Managers */,
				ECBC4627295B510700164B5A /* Models */,
				ECBC4625295B50F700164B5A /* Views */,
				ECBC4626295B510000164B5A /* ViewModels */,
				ECBC461C295B35B500164B5A /* Controllers */,
				ECBC461B295B330000164B5A /* Resources */,
			);
			path = "Netflix-Clone-MVVM";
			sourceTree = "<group>";
		};
		ECBC461A295B32F500164B5A /* App */ = {
			isa = PBXGroup;
			children = (
				ECBC4606295B2F2C00164B5A /* AppDelegate.swift */,
			);
			path = App;
			sourceTree = "<group>";
		};
		ECBC461B295B330000164B5A /* Resources */ = {
			isa = PBXGroup;
			children = (
				ECBC460F295B2F2E00164B5A /* Assets.xcassets */,
				ECBC4611295B2F2E00164B5A /* LaunchScreen.storyboard */,
				ECBC4614295B2F2E00164B5A /* Info.plist */,
				ECCAB4BB295C530500190CCE /* Extensions.swift */,
			);
			path = Resources;
			sourceTree = "<group>";
		};
		ECBC461C295B35B500164B5A /* Controllers */ = {
			isa = PBXGroup;
			children = (
				EC96BA772962022E00191AB4 /* General */,
				EC96BA762962020300191AB4 /* Core */,
			);
			path = Controllers;
			sourceTree = "<group>";
		};
		ECBC4625295B50F700164B5A /* Views */ = {
			isa = PBXGroup;
			children = (
				ECBC4628295B515F00164B5A /* CollectionViewTableViewCell.swift */,
				ECBC462A295B595B00164B5A /* HeroHeaderUIView.swift */,
				ECCAB4BF295C5EDC00190CCE /* TitleCollectionViewCell.swift */,
				EC4625B6295E167200AB6843 /* TitleTableViewCell.swift */,
			);
			path = Views;
			sourceTree = "<group>";
		};
		ECBC4626295B510000164B5A /* ViewModels */ = {
			isa = PBXGroup;
			children = (
				EC4625B8295E1B5700AB6843 /* TitleViewModel.swift */,
				EC61BE6C2964B99400774D45 /* TitlePreviewViewModel.swift */,
			);
			path = ViewModels;
			sourceTree = "<group>";
		};
		ECBC4627295B510700164B5A /* Models */ = {
			isa = PBXGroup;
			children = (
				ECCAB4B9295C496A00190CCE /* Title.swift */,
				EC61BE672964A45500774D45 /* YoutubeSearchResponse.swift */,
			);
			path = Models;
			sourceTree = "<group>";
		};
		ECCAB4B6295C356100190CCE /* Managers */ = {
			isa = PBXGroup;
			children = (
				ECCAB4B7295C357A00190CCE /* APICaller.swift */,
			);
			path = Managers;
			sourceTree = "<group>";
		};
/* End PBXGroup section */

/* Begin PBXNativeTarget section */
		ECBC4602295B2F2C00164B5A /* Netflix-Clone-MVVM */ = {
			isa = PBXNativeTarget;
			buildConfigurationList = ECBC4617295B2F2E00164B5A /* Build configuration list for PBXNativeTarget "Netflix-Clone-MVVM" */;
			buildPhases = (
				ECBC45FF295B2F2C00164B5A /* Sources */,
				ECBC4600295B2F2C00164B5A /* Frameworks */,
				ECBC4601295B2F2C00164B5A /* Resources */,
			);
			buildRules = (
			);
			dependencies = (
			);
			name = "Netflix-Clone-MVVM";
			packageProductDependencies = (
				ECCAB4C2295C77B200190CCE /* SDWebImage */,
				ECCAB4C4295C77B200190CCE /* SDWebImageMapKit */,
			);
			productName = "Netflix-Clone-MVVM";
			productReference = ECBC4603295B2F2C00164B5A /* Netflix-Clone-MVVM.app */;
			productType = "com.apple.product-type.application";
		};
/* End PBXNativeTarget section */

/* Begin PBXProject section */
		ECBC45FB295B2F2C00164B5A /* Project object */ = {
			isa = PBXProject;
			attributes = {
				BuildIndependentTargetsInParallel = 1;
				LastSwiftUpdateCheck = 1400;
				LastUpgradeCheck = 1400;
				TargetAttributes = {
					ECBC4602295B2F2C00164B5A = {
						CreatedOnToolsVersion = 14.0.1;
					};
				};
			};
			buildConfigurationList = ECBC45FE295B2F2C00164B5A /* Build configuration list for PBXProject "Netflix-Clone-MVVM" */;
			compatibilityVersion = "Xcode 14.0";
			developmentRegion = en;
			hasScannedForEncodings = 0;
			knownRegions = (
				en,
				Base,
			);
			mainGroup = ECBC45FA295B2F2C00164B5A;
			packageReferences = (
				ECCAB4C1295C77B200190CCE /* XCRemoteSwiftPackageReference "SDWebImage" */,
			);
			productRefGroup = ECBC4604295B2F2C00164B5A /* Products */;
			projectDirPath = "";
			projectRoot = "";
			targets = (
				ECBC4602295B2F2C00164B5A /* Netflix-Clone-MVVM */,
			);
		};
/* End PBXProject section */

/* Begin PBXResourcesBuildPhase section */
		ECBC4601295B2F2C00164B5A /* Resources */ = {
			isa = PBXResourcesBuildPhase;
			buildActionMask = 2147483647;
			files = (
				ECBC4613295B2F2E00164B5A /* LaunchScreen.storyboard in Resources */,
				ECBC4610295B2F2E00164B5A /* Assets.xcassets in Resources */,
			);
			runOnlyForDeploymentPostprocessing = 0;
		};
/* End PBXResourcesBuildPhase section */

/* Begin PBXSourcesBuildPhase section */
		ECBC45FF295B2F2C00164B5A /* Sources */ = {
			isa = PBXSourcesBuildPhase;
			buildActionMask = 2147483647;
			files = (
				EC61BE6D2964B99400774D45 /* TitlePreviewViewModel.swift in Sources */,
				ECBC4622295B364B00164B5A /* SearchViewController.swift in Sources */,
				ECBC462B295B595B00164B5A /* HeroHeaderUIView.swift in Sources */,
				EC4625B7295E167200AB6843 /* TitleTableViewCell.swift in Sources */,
				ECBC4620295B362E00164B5A /* UpcomingViewController.swift in Sources */,
				EC96BA75296201C000191AB4 /* SearchResultsViewController.swift in Sources */,
				ECBC4624295B366E00164B5A /* DownloadsViewController.swift in Sources */,
				ECCAB4BA295C496A00190CCE /* Title.swift in Sources */,
				ECCAB4B8295C357A00190CCE /* APICaller.swift in Sources */,
				EC61BE682964A45500774D45 /* YoutubeSearchResponse.swift in Sources */,
				ECBC4629295B515F00164B5A /* CollectionViewTableViewCell.swift in Sources */,
				ECBC460B295B2F2C00164B5A /* MainTabBarViewController.swift in Sources */,
				ECBC4607295B2F2C00164B5A /* AppDelegate.swift in Sources */,
				ECCAB4C0295C5EDC00190CCE /* TitleCollectionViewCell.swift in Sources */,
				EC61BE6A2964B6A700774D45 /* TitlePreviewViewController.swift in Sources */,
				EC4625B9295E1B5700AB6843 /* TitleViewModel.swift in Sources */,
				ECCAB4BC295C530500190CCE /* Extensions.swift in Sources */,
				ECBC461E295B35EA00164B5A /* HomeViewController.swift in Sources */,
			);
			runOnlyForDeploymentPostprocessing = 0;
		};
/* End PBXSourcesBuildPhase section */

/* Begin PBXVariantGroup section */
		ECBC4611295B2F2E00164B5A /* LaunchScreen.storyboard */ = {
			isa = PBXVariantGroup;
			children = (
				ECBC4612295B2F2E00164B5A /* Base */,
			);
			name = LaunchScreen.storyboard;
			sourceTree = "<group>";
		};
/* End PBXVariantGroup section */

/* Begin XCBuildConfiguration section */
		ECBC4615295B2F2E00164B5A /* Debug */ = {
			isa = XCBuildConfiguration;
			buildSettings = {
				ALWAYS_SEARCH_USER_PATHS = NO;
				CLANG_ANALYZER_NONNULL = YES;
				CLANG_ANALYZER_NUMBER_OBJECT_CONVERSION = YES_AGGRESSIVE;
				CLANG_CXX_LANGUAGE_STANDARD = "gnu++20";
				CLANG_ENABLE_MODULES = YES;
				CLANG_ENABLE_OBJC_ARC = YES;
				CLANG_ENABLE_OBJC_WEAK = YES;
				CLANG_WARN_BLOCK_CAPTURE_AUTORELEASING = YES;
				CLANG_WARN_BOOL_CONVERSION = YES;
				CLANG_WARN_COMMA = YES;
				CLANG_WARN_CONSTANT_CONVERSION = YES;
				CLANG_WARN_DEPRECATED_OBJC_IMPLEMENTATIONS = YES;
				CLANG_WARN_DIRECT_OBJC_ISA_USAGE = YES_ERROR;
				CLANG_WARN_DOCUMENTATION_COMMENTS = YES;
				CLANG_WARN_EMPTY_BODY = YES;
				CLANG_WARN_ENUM_CONVERSION = YES;
				CLANG_WARN_INFINITE_RECURSION = YES;
				CLANG_WARN_INT_CONVERSION = YES;
				CLANG_WARN_NON_LITERAL_NULL_CONVERSION = YES;
				CLANG_WARN_OBJC_IMPLICIT_RETAIN_SELF = YES;
				CLANG_WARN_OBJC_LITERAL_CONVERSION = YES;
				CLANG_WARN_OBJC_ROOT_CLASS = YES_ERROR;
				CLANG_WARN_QUOTED_INCLUDE_IN_FRAMEWORK_HEADER = YES;
				CLANG_WARN_RANGE_LOOP_ANALYSIS = YES;
				CLANG_WARN_STRICT_PROTOTYPES = YES;
				CLANG_WARN_SUSPICIOUS_MOVE = YES;
				CLANG_WARN_UNGUARDED_AVAILABILITY = YES_AGGRESSIVE;
				CLANG_WARN_UNREACHABLE_CODE = YES;
				CLANG_WARN__DUPLICATE_METHOD_MATCH = YES;
				COPY_PHASE_STRIP = NO;
				DEBUG_INFORMATION_FORMAT = dwarf;
				ENABLE_STRICT_OBJC_MSGSEND = YES;
				ENABLE_TESTABILITY = YES;
				GCC_C_LANGUAGE_STANDARD = gnu11;
				GCC_DYNAMIC_NO_PIC = NO;
				GCC_NO_COMMON_BLOCKS = YES;
				GCC_OPTIMIZATION_LEVEL = 0;
				GCC_PREPROCESSOR_DEFINITIONS = (
					"DEBUG=1",
					"$(inherited)",
				);
				GCC_WARN_64_TO_32_BIT_CONVERSION = YES;
				GCC_WARN_ABOUT_RETURN_TYPE = YES_ERROR;
				GCC_WARN_UNDECLARED_SELECTOR = YES;
				GCC_WARN_UNINITIALIZED_AUTOS = YES_AGGRESSIVE;
				GCC_WARN_UNUSED_FUNCTION = YES;
				GCC_WARN_UNUSED_VARIABLE = YES;
				IPHONEOS_DEPLOYMENT_TARGET = 14.5;
				MTL_ENABLE_DEBUG_INFO = INCLUDE_SOURCE;
				MTL_FAST_MATH = YES;
				ONLY_ACTIVE_ARCH = YES;
				SDKROOT = iphoneos;
				SWIFT_ACTIVE_COMPILATION_CONDITIONS = DEBUG;
				SWIFT_OPTIMIZATION_LEVEL = "-Onone";
			};
			name = Debug;
		};
		ECBC4616295B2F2E00164B5A /* Release */ = {
			isa = XCBuildConfiguration;
			buildSettings = {
				ALWAYS_SEARCH_USER_PATHS = NO;
				CLANG_ANALYZER_NONNULL = YES;
				CLANG_ANALYZER_NUMBER_OBJECT_CONVERSION = YES_AGGRESSIVE;
				CLANG_CXX_LANGUAGE_STANDARD = "gnu++20";
				CLANG_ENABLE_MODULES = YES;
				CLANG_ENABLE_OBJC_ARC = YES;
				CLANG_ENABLE_OBJC_WEAK = YES;
				CLANG_WARN_BLOCK_CAPTURE_AUTORELEASING = YES;
				CLANG_WARN_BOOL_CONVERSION = YES;
				CLANG_WARN_COMMA = YES;
				CLANG_WARN_CONSTANT_CONVERSION = YES;
				CLANG_WARN_DEPRECATED_OBJC_IMPLEMENTATIONS = YES;
				CLANG_WARN_DIRECT_OBJC_ISA_USAGE = YES_ERROR;
				CLANG_WARN_DOCUMENTATION_COMMENTS = YES;
				CLANG_WARN_EMPTY_BODY = YES;
				CLANG_WARN_ENUM_CONVERSION = YES;
				CLANG_WARN_INFINITE_RECURSION = YES;
				CLANG_WARN_INT_CONVERSION = YES;
				CLANG_WARN_NON_LITERAL_NULL_CONVERSION = YES;
				CLANG_WARN_OBJC_IMPLICIT_RETAIN_SELF = YES;
				CLANG_WARN_OBJC_LITERAL_CONVERSION = YES;
				CLANG_WARN_OBJC_ROOT_CLASS = YES_ERROR;
				CLANG_WARN_QUOTED_INCLUDE_IN_FRAMEWORK_HEADER = YES;
				CLANG_WARN_RANGE_LOOP_ANALYSIS = YES;
				CLANG_WARN_STRICT_PROTOTYPES = YES;
				CLANG_WARN_SUSPICIOUS_MOVE = YES;
				CLANG_WARN_UNGUARDED_AVAILABILITY = YES_AGGRESSIVE;
				CLANG_WARN_UNREACHABLE_CODE = YES;
				CLANG_WARN__DUPLICATE_METHOD_MATCH = YES;
				COPY_PHASE_STRIP = NO;
				DEBUG_INFORMATION_FORMAT = "dwarf-with-dsym";
				ENABLE_NS_ASSERTIONS = NO;
				ENABLE_STRICT_OBJC_MSGSEND = YES;
				GCC_C_LANGUAGE_STANDARD = gnu11;
				GCC_NO_COMMON_BLOCKS = YES;
				GCC_WARN_64_TO_32_BIT_CONVERSION = YES;
				GCC_WARN_ABOUT_RETURN_TYPE = YES_ERROR;
				GCC_WARN_UNDECLARED_SELECTOR = YES;
				GCC_WARN_UNINITIALIZED_AUTOS = YES_AGGRESSIVE;
				GCC_WARN_UNUSED_FUNCTION = YES;
				GCC_WARN_UNUSED_VARIABLE = YES;
				IPHONEOS_DEPLOYMENT_TARGET = 14.5;
				MTL_ENABLE_DEBUG_INFO = NO;
				MTL_FAST_MATH = YES;
				SDKROOT = iphoneos;
				SWIFT_COMPILATION_MODE = wholemodule;
				SWIFT_OPTIMIZATION_LEVEL = "-O";
				VALIDATE_PRODUCT = YES;
			};
			name = Release;
		};
		ECBC4618295B2F2E00164B5A /* Debug */ = {
			isa = XCBuildConfiguration;
			buildSettings = {
				ASSETCATALOG_COMPILER_APPICON_NAME = AppIcon;
				ASSETCATALOG_COMPILER_GLOBAL_ACCENT_COLOR_NAME = AccentColor;
				CODE_SIGN_STYLE = Automatic;
				CURRENT_PROJECT_VERSION = 1;
				DEVELOPMENT_TEAM = 3496F3A4HL;
				GENERATE_INFOPLIST_FILE = YES;
				INFOPLIST_FILE = "Netflix-Clone-MVVM/Resources/Info.plist";
				INFOPLIST_KEY_UIApplicationSupportsIndirectInputEvents = YES;
				INFOPLIST_KEY_UILaunchStoryboardName = LaunchScreen;
				INFOPLIST_KEY_UIMainStoryboardFile = "";
				INFOPLIST_KEY_UISupportedInterfaceOrientations_iPad = "UIInterfaceOrientationPortrait UIInterfaceOrientationPortraitUpsideDown UIInterfaceOrientationLandscapeLeft UIInterfaceOrientationLandscapeRight";
				INFOPLIST_KEY_UISupportedInterfaceOrientations_iPhone = "UIInterfaceOrientationPortrait UIInterfaceOrientationLandscapeLeft UIInterfaceOrientationLandscapeRight";
				IPHONEOS_DEPLOYMENT_TARGET = 14.5;
				LD_RUNPATH_SEARCH_PATHS = (
					"$(inherited)",
					"@executable_path/Frameworks",
				);
				MARKETING_VERSION = 1.0;
				PRODUCT_BUNDLE_IDENTIFIER = "com.my.Netflix-Clone-MVVM";
				PRODUCT_NAME = "$(TARGET_NAME)";
				SUPPORTED_PLATFORMS = "iphoneos iphonesimulator";
				SUPPORTS_MACCATALYST = NO;
				SUPPORTS_MAC_DESIGNED_FOR_IPHONE_IPAD = NO;
				SWIFT_EMIT_LOC_STRINGS = YES;
				SWIFT_VERSION = 5.0;
				TARGETED_DEVICE_FAMILY = "1,2";
			};
			name = Debug;
		};
		ECBC4619295B2F2E00164B5A /* Release */ = {
			isa = XCBuildConfiguration;
			buildSettings = {
				ASSETCATALOG_COMPILER_APPICON_NAME = AppIcon;
				ASSETCATALOG_COMPILER_GLOBAL_ACCENT_COLOR_NAME = AccentColor;
				CODE_SIGN_STYLE = Automatic;
				CURRENT_PROJECT_VERSION = 1;
				DEVELOPMENT_TEAM = 3496F3A4HL;
				GENERATE_INFOPLIST_FILE = YES;
				INFOPLIST_FILE = "Netflix-Clone-MVVM/Resources/Info.plist";
				INFOPLIST_KEY_UIApplicationSupportsIndirectInputEvents = YES;
				INFOPLIST_KEY_UILaunchStoryboardName = LaunchScreen;
				INFOPLIST_KEY_UIMainStoryboardFile = "";
				INFOPLIST_KEY_UISupportedInterfaceOrientations_iPad = "UIInterfaceOrientationPortrait UIInterfaceOrientationPortraitUpsideDown UIInterfaceOrientationLandscapeLeft UIInterfaceOrientationLandscapeRight";
				INFOPLIST_KEY_UISupportedInterfaceOrientations_iPhone = "UIInterfaceOrientationPortrait UIInterfaceOrientationLandscapeLeft UIInterfaceOrientationLandscapeRight";
				IPHONEOS_DEPLOYMENT_TARGET = 14.5;
				LD_RUNPATH_SEARCH_PATHS = (
					"$(inherited)",
					"@executable_path/Frameworks",
				);
				MARKETING_VERSION = 1.0;
				PRODUCT_BUNDLE_IDENTIFIER = "com.my.Netflix-Clone-MVVM";
				PRODUCT_NAME = "$(TARGET_NAME)";
				SUPPORTED_PLATFORMS = "iphoneos iphonesimulator";
				SUPPORTS_MACCATALYST = NO;
				SUPPORTS_MAC_DESIGNED_FOR_IPHONE_IPAD = NO;
				SWIFT_EMIT_LOC_STRINGS = YES;
				SWIFT_VERSION = 5.0;
				TARGETED_DEVICE_FAMILY = "1,2";
			};
			name = Release;
		};
/* End XCBuildConfiguration section */

/* Begin XCConfigurationList section */
		ECBC45FE295B2F2C00164B5A /* Build configuration list for PBXProject "Netflix-Clone-MVVM" */ = {
			isa = XCConfigurationList;
			buildConfigurations = (
				ECBC4615295B2F2E00164B5A /* Debug */,
				ECBC4616295B2F2E00164B5A /* Release */,
			);
			defaultConfigurationIsVisible = 0;
			defaultConfigurationName = Release;
		};
		ECBC4617295B2F2E00164B5A /* Build configuration list for PBXNativeTarget "Netflix-Clone-MVVM" */ = {
			isa = XCConfigurationList;
			buildConfigurations = (
				ECBC4618295B2F2E00164B5A /* Debug */,
				ECBC4619295B2F2E00164B5A /* Release */,
			);
			defaultConfigurationIsVisible = 0;
			defaultConfigurationName = Release;
		};
/* End XCConfigurationList section */

/* Begin XCRemoteSwiftPackageReference section */
		ECCAB4C1295C77B200190CCE /* XCRemoteSwiftPackageReference "SDWebImage" */ = {
			isa = XCRemoteSwiftPackageReference;
			repositoryURL = "https://github.com/SDWebImage/SDWebImage.git";
			requirement = {
				kind = upToNextMajorVersion;
				minimumVersion = 5.0.0;
			};
		};
/* End XCRemoteSwiftPackageReference section */

/* Begin XCSwiftPackageProductDependency section */
		ECCAB4C2295C77B200190CCE /* SDWebImage */ = {
			isa = XCSwiftPackageProductDependency;
			package = ECCAB4C1295C77B200190CCE /* XCRemoteSwiftPackageReference "SDWebImage" */;
			productName = SDWebImage;
		};
		ECCAB4C4295C77B200190CCE /* SDWebImageMapKit */ = {
			isa = XCSwiftPackageProductDependency;
			package = ECCAB4C1295C77B200190CCE /* XCRemoteSwiftPackageReference "SDWebImage" */;
			productName = SDWebImageMapKit;
		};
/* End XCSwiftPackageProductDependency section */
	};
	rootObject = ECBC45FB295B2F2C00164B5A /* Project object */;
}
